// !$*UTF8*$!
{
	archiveVersion = 1;
	classes = {
	};
	objectVersion = 46;
	objects = {

/* Begin PBXBuildFile section */
		0FCDCF4947EA871137590A719259CAD0 /* Images.xcassets in Resources */ = {isa = PBXBuildFile; fileRef = DEB92E8E99749FF8A80C5DF1BEF1A26E /* Images.xcassets */; };
		4266CC5A8DA91F0E641E0424904A3898 /* SampleTests.swift in Sources */ = {isa = PBXBuildFile; fileRef = 16500CF3474C5CB72CF57CE0B336BF38 /* SampleTests.swift */; };
		49BDDA6C73E8A24CB5E3F463A4341BF8 /* Main.storyboard in Resources */ = {isa = PBXBuildFile; fileRef = B82959917FC85177C3386D22A16253FE /* Main.storyboard */; };
		603B878FA69289112D97ECFAD93D6F8E /* ViewController.swift in Sources */ = {isa = PBXBuildFile; fileRef = 4B0DF40C62F7A9C5ADE1217E7ACB9B76 /* ViewController.swift */; };
		610C4312C60766D6FEF0D270AB5720A4 /* TestTypes.swift in Sources */ = {isa = PBXBuildFile; fileRef = 7ADFC410F8D76DA1EF746012CBDAE977 /* TestTypes.swift */; };
		709FAA8F52D3FCCA4B75584B7A0A47BD /* AppDelegate.swift in Sources */ = {isa = PBXBuildFile; fileRef = D654AF8CDEBB32108E4691C15A8842A1 /* AppDelegate.swift */; };
		DE7D6AAFFD07B2CC8919C887876BDAC6 /* LaunchScreen.xib in Resources */ = {isa = PBXBuildFile; fileRef = BFEB2E4BCEC988DCEE49908E9F6FFCFF /* LaunchScreen.xib */; };
/* End PBXBuildFile section */

/* Begin PBXContainerItemProxy section */
		ACA2C72512E0A3F1F8E6B257EDE4131C /* PBXContainerItemProxy */ = {
			isa = PBXContainerItemProxy;
			containerPortal = DDF6FC562B87DB4CD9F79BA1BABF0125 /* Project object */;
			proxyType = 1;
			remoteGlobalIDString = 66533F6D8D9C3EA0D2AAC4BC90292F5C;
			remoteInfo = Sample;
		};
/* End PBXContainerItemProxy section */

/* Begin PBXFileReference section */
		10BD0F044CFEB40445786B7E5D68109B /* Base */ = {isa = PBXFileReference; lastKnownFileType = file.xib; name = Base; path = Base.lproj/LaunchScreen.xib; sourceTree = "<group>"; };
		120C03775C53E80F19F0076112475AC3 /* Info.plist */ = {isa = PBXFileReference; lastKnownFileType = text.plist.xml; path = Info.plist; sourceTree = "<group>"; };
		16500CF3474C5CB72CF57CE0B336BF38 /* SampleTests.swift */ = {isa = PBXFileReference; lastKnownFileType = sourcecode.swift; path = SampleTests.swift; sourceTree = "<group>"; };
		1BFF5C67780178A45AF97EB66E207736 /* SampleTests.xctest */ = {isa = PBXFileReference; explicitFileType = wrapper.cfbundle; includeInIndex = 0; path = SampleTests.xctest; sourceTree = BUILT_PRODUCTS_DIR; };
		4B0DF40C62F7A9C5ADE1217E7ACB9B76 /* ViewController.swift */ = {isa = PBXFileReference; lastKnownFileType = sourcecode.swift; path = ViewController.swift; sourceTree = "<group>"; };
		4CEF066495F0571C5F27F8282ECA5480 /* Sample.app */ = {isa = PBXFileReference; explicitFileType = wrapper.application; includeInIndex = 0; path = Sample.app; sourceTree = BUILT_PRODUCTS_DIR; };
		72328E5636B8E0B652AE7CA158C45BCE /* Info.plist */ = {isa = PBXFileReference; lastKnownFileType = text.plist.xml; path = Info.plist; sourceTree = "<group>"; };
		7ADFC410F8D76DA1EF746012CBDAE977 /* TestTypes.swift */ = {isa = PBXFileReference; lastKnownFileType = sourcecode.swift; path = TestTypes.swift; sourceTree = "<group>"; };
		D4E24841FC124EC435E2E703BD541B6C /* Base */ = {isa = PBXFileReference; lastKnownFileType = file.storyboard; name = Base; path = Base.lproj/Main.storyboard; sourceTree = "<group>"; };
		D654AF8CDEBB32108E4691C15A8842A1 /* AppDelegate.swift */ = {isa = PBXFileReference; lastKnownFileType = sourcecode.swift; path = AppDelegate.swift; sourceTree = "<group>"; };
		DEB92E8E99749FF8A80C5DF1BEF1A26E /* Images.xcassets */ = {isa = PBXFileReference; lastKnownFileType = folder.assetcatalog; path = Images.xcassets; sourceTree = "<group>"; };
/* End PBXFileReference section */

/* Begin PBXFrameworksBuildPhase section */
		C800FCE375FEC4DB202CFADC1511B693 /* Frameworks */ = {
			isa = PBXFrameworksBuildPhase;
			buildActionMask = 2147483647;
			files = (
			);
			runOnlyForDeploymentPostprocessing = 0;
		};
		2A2DA7ECC954938FD3F5B15C2EBFC09D /* Frameworks */ = {
			isa = PBXFrameworksBuildPhase;
			buildActionMask = 2147483647;
			files = (
			);
			runOnlyForDeploymentPostprocessing = 0;
		};
/* End PBXFrameworksBuildPhase section */

/* Begin PBXGroup section */
		BE81BD8E390DC9384AC30E88B7E78224 = {
			isa = PBXGroup;
			children = (
				899E2495B2BE83DA543C4DF2A8ECF33C /* Products */,
				AFA58015BA66E84515E76600E246A5D4 /* Sample */,
				CB982A2BC9AE1CA3EF522B78CCD92F5C /* SampleTests */,
				87C48B045FA38DA38F227E25B5088B8F /* TestCases */,
			);
			sourceTree = "<group>";
		};
		899E2495B2BE83DA543C4DF2A8ECF33C /* Products */ = {
			isa = PBXGroup;
			children = (
				4CEF066495F0571C5F27F8282ECA5480 /* Sample.app */,
				1BFF5C67780178A45AF97EB66E207736 /* SampleTests.xctest */,
			);
			name = Products;
			sourceTree = "<group>";
		};
		AFA58015BA66E84515E76600E246A5D4 /* Sample */ = {
			isa = PBXGroup;
			children = (
				E7AB81AEEBB57B64D2735F792E6AAC13 /* Supporting Files */,
				D654AF8CDEBB32108E4691C15A8842A1 /* AppDelegate.swift */,
				DEB92E8E99749FF8A80C5DF1BEF1A26E /* Images.xcassets */,
				BFEB2E4BCEC988DCEE49908E9F6FFCFF /* LaunchScreen.xib */,
				B82959917FC85177C3386D22A16253FE /* Main.storyboard */,
				4B0DF40C62F7A9C5ADE1217E7ACB9B76 /* ViewController.swift */,
			);
			path = Sample;
			sourceTree = "<group>";
		};
		E7AB81AEEBB57B64D2735F792E6AAC13 /* Supporting Files */ = {
			isa = PBXGroup;
			children = (
				72328E5636B8E0B652AE7CA158C45BCE /* Info.plist */,
			);
			name = "Supporting Files";
			sourceTree = "<group>";
		};
		CB982A2BC9AE1CA3EF522B78CCD92F5C /* SampleTests */ = {
			isa = PBXGroup;
			children = (
				9BDFFB854097F85FB4989632DB8B4ED9 /* Supporting Files */,
				16500CF3474C5CB72CF57CE0B336BF38 /* SampleTests.swift */,
			);
			path = SampleTests;
			sourceTree = "<group>";
		};
		9BDFFB854097F85FB4989632DB8B4ED9 /* Supporting Files */ = {
			isa = PBXGroup;
			children = (
				120C03775C53E80F19F0076112475AC3 /* Info.plist */,
			);
			name = "Supporting Files";
			sourceTree = "<group>";
		};
		87C48B045FA38DA38F227E25B5088B8F /* TestCases */ = {
			isa = PBXGroup;
			children = (
				7ADFC410F8D76DA1EF746012CBDAE977 /* TestTypes.swift */,
			);
			name = TestCases;
			path = ../TestCases;
			sourceTree = "<group>";
		};
/* End PBXGroup section */

/* Begin PBXNativeTarget section */
		66533F6D8D9C3EA0D2AAC4BC90292F5C /* Sample */ = {
			isa = PBXNativeTarget;
			buildConfigurationList = F0BF5021B347D9C1CA91995B696244D3 /* Build configuration list for PBXNativeTarget "Sample" */;
			buildPhases = (
				E22F0D8AE9EFF0905611E7B0218B80C9 /* Sources */,
				C800FCE375FEC4DB202CFADC1511B693 /* Frameworks */,
				BF209F4BDE53DC583F919C12519A5A9C /* Resources */,
				6AD401F0E806909E34F2907BFDC03A6A /* Uniquify and Sort Project */,
			);
			buildRules = (
			);
			dependencies = (
			);
			name = Sample;
			productName = Sample;
			productReference = 4CEF066495F0571C5F27F8282ECA5480 /* Sample.app */;
			productType = "com.apple.product-type.application";
		};
		BF751DE15E52A79DCEB9DB077BE2F527 /* SampleTests */ = {
			isa = PBXNativeTarget;
			buildConfigurationList = 87F01B02BC24E5AAD5DD48F8C2F969BA /* Build configuration list for PBXNativeTarget "SampleTests" */;
			buildPhases = (
				6E7D4E8B9C401EB963F4F30BBCCB5128 /* Sources */,
				2A2DA7ECC954938FD3F5B15C2EBFC09D /* Frameworks */,
				E0605C3369300E5C6D56DFD08BCEBEB2 /* Resources */,
			);
			buildRules = (
			);
			dependencies = (
				95BF7E9630E233EFB1F5CDBD4C40E18B /* PBXTargetDependency */,
			);
			name = SampleTests;
			productName = SampleTests;
			productReference = 1BFF5C67780178A45AF97EB66E207736 /* SampleTests.xctest */;
			productType = "com.apple.product-type.bundle.unit-test";
		};
/* End PBXNativeTarget section */

/* Begin PBXProject section */
		DDF6FC562B87DB4CD9F79BA1BABF0125 /* Project object */ = {
			isa = PBXProject;
			attributes = {
				LastUpgradeCheck = 0640;
				ORGANIZATIONNAME = factorcat;
				TargetAttributes = {
					66533F6D8D9C3EA0D2AAC4BC90292F5C = {
						CreatedOnToolsVersion = 6.4;
					};
					BF751DE15E52A79DCEB9DB077BE2F527 = {
						CreatedOnToolsVersion = 6.4;
						TestTargetID = 66533F6D8D9C3EA0D2AAC4BC90292F5C;
					};
				};
			};
			buildConfigurationList = 94692ACAAD330129970552B1134831CA /* Build configuration list for PBXProject "Sample" */;
			compatibilityVersion = "Xcode 3.2";
			developmentRegion = English;
			hasScannedForEncodings = 0;
			knownRegions = (
				en,
				Base,
			);
			mainGroup = BE81BD8E390DC9384AC30E88B7E78224;
			productRefGroup = 899E2495B2BE83DA543C4DF2A8ECF33C /* Products */;
			projectDirPath = "";
			projectRoot = "";
			targets = (
				66533F6D8D9C3EA0D2AAC4BC90292F5C /* Sample */,
				BF751DE15E52A79DCEB9DB077BE2F527 /* SampleTests */,
			);
		};
/* End PBXProject section */

/* Begin PBXResourcesBuildPhase section */
		BF209F4BDE53DC583F919C12519A5A9C /* Resources */ = {
			isa = PBXResourcesBuildPhase;
			buildActionMask = 2147483647;
			files = (
				0FCDCF4947EA871137590A719259CAD0 /* Images.xcassets in Resources */,
				DE7D6AAFFD07B2CC8919C887876BDAC6 /* LaunchScreen.xib in Resources */,
				49BDDA6C73E8A24CB5E3F463A4341BF8 /* Main.storyboard in Resources */,
			);
			runOnlyForDeploymentPostprocessing = 0;
		};
		E0605C3369300E5C6D56DFD08BCEBEB2 /* Resources */ = {
			isa = PBXResourcesBuildPhase;
			buildActionMask = 2147483647;
			files = (
			);
			runOnlyForDeploymentPostprocessing = 0;
		};
/* End PBXResourcesBuildPhase section */

/* Begin PBXShellScriptBuildPhase section */
		6AD401F0E806909E34F2907BFDC03A6A /* Uniquify and Sort Project */ = {
			isa = PBXShellScriptBuildPhase;
			buildActionMask = 2147483647;
			files = (
			);
			inputPaths = (
			);
			name = "Uniquify and Sort Project";
			outputPaths = (
			);
			runOnlyForDeploymentPostprocessing = 0;
			shellPath = /bin/sh;
			shellScript = "sh $SRCROOT/scripts/uniquify.sh";
		};
/* End PBXShellScriptBuildPhase section */

/* Begin PBXSourcesBuildPhase section */
		E22F0D8AE9EFF0905611E7B0218B80C9 /* Sources */ = {
			isa = PBXSourcesBuildPhase;
			buildActionMask = 2147483647;
			files = (
				709FAA8F52D3FCCA4B75584B7A0A47BD /* AppDelegate.swift in Sources */,
				603B878FA69289112D97ECFAD93D6F8E /* ViewController.swift in Sources */,
			);
			runOnlyForDeploymentPostprocessing = 0;
		};
		6E7D4E8B9C401EB963F4F30BBCCB5128 /* Sources */ = {
			isa = PBXSourcesBuildPhase;
			buildActionMask = 2147483647;
			files = (
				4266CC5A8DA91F0E641E0424904A3898 /* SampleTests.swift in Sources */,
				610C4312C60766D6FEF0D270AB5720A4 /* TestTypes.swift in Sources */,
			);
			runOnlyForDeploymentPostprocessing = 0;
		};
/* End PBXSourcesBuildPhase section */

/* Begin PBXTargetDependency section */
		95BF7E9630E233EFB1F5CDBD4C40E18B /* PBXTargetDependency */ = {
			isa = PBXTargetDependency;
			target = 66533F6D8D9C3EA0D2AAC4BC90292F5C /* Sample */;
			targetProxy = ACA2C72512E0A3F1F8E6B257EDE4131C /* PBXContainerItemProxy */;
		};
/* End PBXTargetDependency section */

/* Begin PBXVariantGroup section */
		B82959917FC85177C3386D22A16253FE /* Main.storyboard */ = {
			isa = PBXVariantGroup;
			children = (
				D4E24841FC124EC435E2E703BD541B6C /* Base */,
			);
			name = Main.storyboard;
			sourceTree = "<group>";
		};
		BFEB2E4BCEC988DCEE49908E9F6FFCFF /* LaunchScreen.xib */ = {
			isa = PBXVariantGroup;
			children = (
				10BD0F044CFEB40445786B7E5D68109B /* Base */,
			);
			name = LaunchScreen.xib;
			sourceTree = "<group>";
		};
/* End PBXVariantGroup section */

/* Begin XCBuildConfiguration section */
		0FEC1F021ABD74D99995803B1173619F /* Debug */ = {
			isa = XCBuildConfiguration;
			buildSettings = {
				ALWAYS_SEARCH_USER_PATHS = NO;
				CLANG_CXX_LANGUAGE_STANDARD = "gnu++0x";
				CLANG_CXX_LIBRARY = "libc++";
				CLANG_ENABLE_MODULES = YES;
				CLANG_ENABLE_OBJC_ARC = YES;
				CLANG_WARN_BOOL_CONVERSION = YES;
				CLANG_WARN_CONSTANT_CONVERSION = YES;
				CLANG_WARN_DIRECT_OBJC_ISA_USAGE = YES_ERROR;
				CLANG_WARN_EMPTY_BODY = YES;
				CLANG_WARN_ENUM_CONVERSION = YES;
				CLANG_WARN_INT_CONVERSION = YES;
				CLANG_WARN_OBJC_ROOT_CLASS = YES_ERROR;
				CLANG_WARN_UNREACHABLE_CODE = YES;
				CLANG_WARN__DUPLICATE_METHOD_MATCH = YES;
				"CODE_SIGN_IDENTITY[sdk=iphoneos*]" = "iPhone Developer";
				COPY_PHASE_STRIP = NO;
				DEBUG_INFORMATION_FORMAT = "dwarf-with-dsym";
				ENABLE_STRICT_OBJC_MSGSEND = YES;
				GCC_C_LANGUAGE_STANDARD = gnu99;
				GCC_DYNAMIC_NO_PIC = NO;
				GCC_NO_COMMON_BLOCKS = YES;
				GCC_OPTIMIZATION_LEVEL = 0;
				GCC_PREPROCESSOR_DEFINITIONS = (
					"DEBUG=1",
					"$(inherited)",
				);
				GCC_SYMBOLS_PRIVATE_EXTERN = NO;
				GCC_WARN_64_TO_32_BIT_CONVERSION = YES;
				GCC_WARN_ABOUT_RETURN_TYPE = YES_ERROR;
				GCC_WARN_UNDECLARED_SELECTOR = YES;
				GCC_WARN_UNINITIALIZED_AUTOS = YES_AGGRESSIVE;
				GCC_WARN_UNUSED_FUNCTION = YES;
				GCC_WARN_UNUSED_VARIABLE = YES;
				IPHONEOS_DEPLOYMENT_TARGET = 8.4;
				MTL_ENABLE_DEBUG_INFO = YES;
				ONLY_ACTIVE_ARCH = YES;
				SDKROOT = iphoneos;
				SWIFT_OPTIMIZATION_LEVEL = "-Onone";
				TARGETED_DEVICE_FAMILY = "1,2";
			};
			name = Debug;
		};
		5EE67914AAA105A443DFCAAA1C53CE56 /* Release */ = {
			isa = XCBuildConfiguration;
			buildSettings = {
				ALWAYS_SEARCH_USER_PATHS = NO;
				CLANG_CXX_LANGUAGE_STANDARD = "gnu++0x";
				CLANG_CXX_LIBRARY = "libc++";
				CLANG_ENABLE_MODULES = YES;
				CLANG_ENABLE_OBJC_ARC = YES;
				CLANG_WARN_BOOL_CONVERSION = YES;
				CLANG_WARN_CONSTANT_CONVERSION = YES;
				CLANG_WARN_DIRECT_OBJC_ISA_USAGE = YES_ERROR;
				CLANG_WARN_EMPTY_BODY = YES;
				CLANG_WARN_ENUM_CONVERSION = YES;
				CLANG_WARN_INT_CONVERSION = YES;
				CLANG_WARN_OBJC_ROOT_CLASS = YES_ERROR;
				CLANG_WARN_UNREACHABLE_CODE = YES;
				CLANG_WARN__DUPLICATE_METHOD_MATCH = YES;
				"CODE_SIGN_IDENTITY[sdk=iphoneos*]" = "iPhone Developer";
				COPY_PHASE_STRIP = NO;
				DEBUG_INFORMATION_FORMAT = "dwarf-with-dsym";
				ENABLE_NS_ASSERTIONS = NO;
				ENABLE_STRICT_OBJC_MSGSEND = YES;
				GCC_C_LANGUAGE_STANDARD = gnu99;
				GCC_NO_COMMON_BLOCKS = YES;
				GCC_WARN_64_TO_32_BIT_CONVERSION = YES;
				GCC_WARN_ABOUT_RETURN_TYPE = YES_ERROR;
				GCC_WARN_UNDECLARED_SELECTOR = YES;
				GCC_WARN_UNINITIALIZED_AUTOS = YES_AGGRESSIVE;
				GCC_WARN_UNUSED_FUNCTION = YES;
				GCC_WARN_UNUSED_VARIABLE = YES;
				IPHONEOS_DEPLOYMENT_TARGET = 8.4;
				MTL_ENABLE_DEBUG_INFO = NO;
				SDKROOT = iphoneos;
				TARGETED_DEVICE_FAMILY = "1,2";
				VALIDATE_PRODUCT = YES;
			};
			name = Release;
		};
		97AE05EDE653A0B344001CF691230741 /* Debug */ = {
			isa = XCBuildConfiguration;
			buildSettings = {
				ASSETCATALOG_COMPILER_APPICON_NAME = AppIcon;
				INFOPLIST_FILE = Sample/Info.plist;
				LD_RUNPATH_SEARCH_PATHS = "$(inherited) @executable_path/Frameworks";
				PRODUCT_NAME = "$(TARGET_NAME)";
			};
			name = Debug;
		};
		DD7047DAFC52334FE76F8764CBBE5426 /* Release */ = {
			isa = XCBuildConfiguration;
			buildSettings = {
				ASSETCATALOG_COMPILER_APPICON_NAME = AppIcon;
				INFOPLIST_FILE = Sample/Info.plist;
				LD_RUNPATH_SEARCH_PATHS = "$(inherited) @executable_path/Frameworks";
				PRODUCT_NAME = "$(TARGET_NAME)";
			};
			name = Release;
		};
		D9414C137A0614EB0FFC30DE03A72CD2 /* Debug */ = {
			isa = XCBuildConfiguration;
			buildSettings = {
				BUNDLE_LOADER = "$(TEST_HOST)";
				FRAMEWORK_SEARCH_PATHS = (
					"$(SDKROOT)/Developer/Library/Frameworks",
					"$(inherited)",
				);
				GCC_PREPROCESSOR_DEFINITIONS = (
					"DEBUG=1",
					"$(inherited)",
				);
				INFOPLIST_FILE = SampleTests/Info.plist;
				LD_RUNPATH_SEARCH_PATHS = "$(inherited) @executable_path/Frameworks @loader_path/Frameworks";
				PRODUCT_NAME = "$(TARGET_NAME)";
				TEST_HOST = "$(BUILT_PRODUCTS_DIR)/Sample.app/Sample";
			};
			name = Debug;
		};
		CB7BBA1B4D3ED398E6B0484D62AC207A /* Release */ = {
			isa = XCBuildConfiguration;
			buildSettings = {
				BUNDLE_LOADER = "$(TEST_HOST)";
				FRAMEWORK_SEARCH_PATHS = (
					"$(SDKROOT)/Developer/Library/Frameworks",
					"$(inherited)",
				);
				INFOPLIST_FILE = SampleTests/Info.plist;
				LD_RUNPATH_SEARCH_PATHS = "$(inherited) @executable_path/Frameworks @loader_path/Frameworks";
				PRODUCT_NAME = "$(TARGET_NAME)";
				TEST_HOST = "$(BUILT_PRODUCTS_DIR)/Sample.app/Sample";
			};
			name = Release;
		};
/* End XCBuildConfiguration section */

/* Begin XCConfigurationList section */
		94692ACAAD330129970552B1134831CA /* Build configuration list for PBXProject "Sample" */ = {
			isa = XCConfigurationList;
			buildConfigurations = (
				0FEC1F021ABD74D99995803B1173619F /* Debug */,
				5EE67914AAA105A443DFCAAA1C53CE56 /* Release */,
			);
			defaultConfigurationIsVisible = 0;
			defaultConfigurationName = Release;
		};
		F0BF5021B347D9C1CA91995B696244D3 /* Build configuration list for PBXNativeTarget "Sample" */ = {
			isa = XCConfigurationList;
			buildConfigurations = (
				97AE05EDE653A0B344001CF691230741 /* Debug */,
				DD7047DAFC52334FE76F8764CBBE5426 /* Release */,
			);
			defaultConfigurationIsVisible = 0;
			defaultConfigurationName = Release;
		};
		87F01B02BC24E5AAD5DD48F8C2F969BA /* Build configuration list for PBXNativeTarget "SampleTests" */ = {
			isa = XCConfigurationList;
			buildConfigurations = (
				D9414C137A0614EB0FFC30DE03A72CD2 /* Debug */,
				CB7BBA1B4D3ED398E6B0484D62AC207A /* Release */,
			);
			defaultConfigurationIsVisible = 0;
			defaultConfigurationName = Release;
		};
/* End XCConfigurationList section */
	};
	rootObject = DDF6FC562B87DB4CD9F79BA1BABF0125 /* Project object */;
}
